// !$*UTF8*$!
{
	archiveVersion = 1;
	classes = {
	};
	objectVersion = 46;
	objects = {

/* Begin PBXBuildFile section */
		245D335B4F1BC013C30DD782 /* libPods-47_Client_Server_APIs_OAuth_DZ.a in Frameworks */ = {isa = PBXBuildFile; fileRef = 893F4B8238216C2874FADF65 /* libPods-47_Client_Server_APIs_OAuth_DZ.a */; };
		524346D91D3B98BA00C89579 /* main.m in Sources */ = {isa = PBXBuildFile; fileRef = 524346D81D3B98BA00C89579 /* main.m */; };
		524346DC1D3B98BA00C89579 /* AppDelegate.m in Sources */ = {isa = PBXBuildFile; fileRef = 524346DB1D3B98BA00C89579 /* AppDelegate.m */; };
		524346DF1D3B98BA00C89579 /* ViewController.m in Sources */ = {isa = PBXBuildFile; fileRef = 524346DE1D3B98BA00C89579 /* ViewController.m */; };
		524346E21D3B98BA00C89579 /* Main.storyboard in Resources */ = {isa = PBXBuildFile; fileRef = 524346E01D3B98BA00C89579 /* Main.storyboard */; };
		524346E41D3B98BA00C89579 /* Assets.xcassets in Resources */ = {isa = PBXBuildFile; fileRef = 524346E31D3B98BA00C89579 /* Assets.xcassets */; };
		524346E71D3B98BA00C89579 /* LaunchScreen.storyboard in Resources */ = {isa = PBXBuildFile; fileRef = 524346E51D3B98BA00C89579 /* LaunchScreen.storyboard */; };
		524346F21D3B98BA00C89579 /* _7_Client_Server_APIs_OAuth_DZTests.m in Sources */ = {isa = PBXBuildFile; fileRef = 524346F11D3B98BA00C89579 /* _7_Client_Server_APIs_OAuth_DZTests.m */; };
		524346FD1D3B98BA00C89579 /* _7_Client_Server_APIs_OAuth_DZUITests.m in Sources */ = {isa = PBXBuildFile; fileRef = 524346FC1D3B98BA00C89579 /* _7_Client_Server_APIs_OAuth_DZUITests.m */; };
		5243470C1D3BAA9100C89579 /* SiSServerManager.m in Sources */ = {isa = PBXBuildFile; fileRef = 5243470B1D3BAA9100C89579 /* SiSServerManager.m */; };
		5243470F1D3BAAB500C89579 /* SiSFriendsTableViewController.m in Sources */ = {isa = PBXBuildFile; fileRef = 5243470E1D3BAAB500C89579 /* SiSFriendsTableViewController.m */; };
		524347121D3BAAC800C89579 /* SiSFriend.m in Sources */ = {isa = PBXBuildFile; fileRef = 524347111D3BAAC800C89579 /* SiSFriend.m */; };
		524347151D3BAADA00C89579 /* SiSServerObject.m in Sources */ = {isa = PBXBuildFile; fileRef = 524347141D3BAADA00C89579 /* SiSServerObject.m */; };
		524347181D3BBE3D00C89579 /* SiSLoginViewController.m in Sources */ = {isa = PBXBuildFile; fileRef = 524347171D3BBE3D00C89579 /* SiSLoginViewController.m */; };
		5243471B1D3BBE4800C89579 /* SiSAccessToken.m in Sources */ = {isa = PBXBuildFile; fileRef = 5243471A1D3BBE4800C89579 /* SiSAccessToken.m */; };
		5243471E1D3BBE9500C89579 /* SiSGroupWallViewController.m in Sources */ = {isa = PBXBuildFile; fileRef = 5243471D1D3BBE9500C89579 /* SiSGroupWallViewController.m */; };
		524347211D3BBEA000C89579 /* SiSPost.m in Sources */ = {isa = PBXBuildFile; fileRef = 524347201D3BBEA000C89579 /* SiSPost.m */; };
		524347251D3BBEC600C89579 /* SiSPostCell.m in Sources */ = {isa = PBXBuildFile; fileRef = 524347241D3BBEC600C89579 /* SiSPostCell.m */; };
/* End PBXBuildFile section */

/* Begin PBXContainerItemProxy section */
		524346EE1D3B98BA00C89579 /* PBXContainerItemProxy */ = {
			isa = PBXContainerItemProxy;
			containerPortal = 524346CC1D3B98BA00C89579 /* Project object */;
			proxyType = 1;
			remoteGlobalIDString = 524346D31D3B98BA00C89579;
			remoteInfo = 47_Client_Server_APIs_OAuth_DZ;
		};
		524346F91D3B98BA00C89579 /* PBXContainerItemProxy */ = {
			isa = PBXContainerItemProxy;
			containerPortal = 524346CC1D3B98BA00C89579 /* Project object */;
			proxyType = 1;
			remoteGlobalIDString = 524346D31D3B98BA00C89579;
			remoteInfo = 47_Client_Server_APIs_OAuth_DZ;
		};
/* End PBXContainerItemProxy section */

/* Begin PBXFileReference section */
		0180D53477B146476C369469 /* Pods-47_Client_Server_APIs_OAuth_DZ.release.xcconfig */ = {isa = PBXFileReference; includeInIndex = 1; lastKnownFileType = text.xcconfig; name = "Pods-47_Client_Server_APIs_OAuth_DZ.release.xcconfig"; path = "Pods/Target Support Files/Pods-47_Client_Server_APIs_OAuth_DZ/Pods-47_Client_Server_APIs_OAuth_DZ.release.xcconfig"; sourceTree = "<group>"; };
		524346D41D3B98BA00C89579 /* 47_Client_Server_APIs_OAuth_DZ.app */ = {isa = PBXFileReference; explicitFileType = wrapper.application; includeInIndex = 0; path = 47_Client_Server_APIs_OAuth_DZ.app; sourceTree = BUILT_PRODUCTS_DIR; };
		524346D81D3B98BA00C89579 /* main.m */ = {isa = PBXFileReference; lastKnownFileType = sourcecode.c.objc; path = main.m; sourceTree = "<group>"; };
		524346DA1D3B98BA00C89579 /* AppDelegate.h */ = {isa = PBXFileReference; lastKnownFileType = sourcecode.c.h; path = AppDelegate.h; sourceTree = "<group>"; };
		524346DB1D3B98BA00C89579 /* AppDelegate.m */ = {isa = PBXFileReference; lastKnownFileType = sourcecode.c.objc; path = AppDelegate.m; sourceTree = "<group>"; };
		524346DD1D3B98BA00C89579 /* ViewController.h */ = {isa = PBXFileReference; lastKnownFileType = sourcecode.c.h; path = ViewController.h; sourceTree = "<group>"; };
		524346DE1D3B98BA00C89579 /* ViewController.m */ = {isa = PBXFileReference; lastKnownFileType = sourcecode.c.objc; path = ViewController.m; sourceTree = "<group>"; };
		524346E11D3B98BA00C89579 /* Base */ = {isa = PBXFileReference; lastKnownFileType = file.storyboard; name = Base; path = Base.lproj/Main.storyboard; sourceTree = "<group>"; };
		524346E31D3B98BA00C89579 /* Assets.xcassets */ = {isa = PBXFileReference; lastKnownFileType = folder.assetcatalog; path = Assets.xcassets; sourceTree = "<group>"; };
		524346E61D3B98BA00C89579 /* Base */ = {isa = PBXFileReference; lastKnownFileType = file.storyboard; name = Base; path = Base.lproj/LaunchScreen.storyboard; sourceTree = "<group>"; };
		524346E81D3B98BA00C89579 /* Info.plist */ = {isa = PBXFileReference; lastKnownFileType = text.plist.xml; path = Info.plist; sourceTree = "<group>"; };
		524346ED1D3B98BA00C89579 /* 47_Client_Server_APIs_OAuth_DZTests.xctest */ = {isa = PBXFileReference; explicitFileType = wrapper.cfbundle; includeInIndex = 0; path = 47_Client_Server_APIs_OAuth_DZTests.xctest; sourceTree = BUILT_PRODUCTS_DIR; };
		524346F11D3B98BA00C89579 /* _7_Client_Server_APIs_OAuth_DZTests.m */ = {isa = PBXFileReference; lastKnownFileType = sourcecode.c.objc; path = _7_Client_Server_APIs_OAuth_DZTests.m; sourceTree = "<group>"; };
		524346F31D3B98BA00C89579 /* Info.plist */ = {isa = PBXFileReference; lastKnownFileType = text.plist.xml; path = Info.plist; sourceTree = "<group>"; };
		524346F81D3B98BA00C89579 /* 47_Client_Server_APIs_OAuth_DZUITests.xctest */ = {isa = PBXFileReference; explicitFileType = wrapper.cfbundle; includeInIndex = 0; path = 47_Client_Server_APIs_OAuth_DZUITests.xctest; sourceTree = BUILT_PRODUCTS_DIR; };
		524346FC1D3B98BA00C89579 /* _7_Client_Server_APIs_OAuth_DZUITests.m */ = {isa = PBXFileReference; lastKnownFileType = sourcecode.c.objc; path = _7_Client_Server_APIs_OAuth_DZUITests.m; sourceTree = "<group>"; };
		524346FE1D3B98BA00C89579 /* Info.plist */ = {isa = PBXFileReference; lastKnownFileType = text.plist.xml; path = Info.plist; sourceTree = "<group>"; };
		5243470A1D3BAA9100C89579 /* SiSServerManager.h */ = {isa = PBXFileReference; fileEncoding = 4; lastKnownFileType = sourcecode.c.h; path = SiSServerManager.h; sourceTree = "<group>"; };
		5243470B1D3BAA9100C89579 /* SiSServerManager.m */ = {isa = PBXFileReference; fileEncoding = 4; lastKnownFileType = sourcecode.c.objc; path = SiSServerManager.m; sourceTree = "<group>"; };
		5243470D1D3BAAB500C89579 /* SiSFriendsTableViewController.h */ = {isa = PBXFileReference; fileEncoding = 4; lastKnownFileType = sourcecode.c.h; path = SiSFriendsTableViewController.h; sourceTree = "<group>"; };
		5243470E1D3BAAB500C89579 /* SiSFriendsTableViewController.m */ = {isa = PBXFileReference; fileEncoding = 4; lastKnownFileType = sourcecode.c.objc; path = SiSFriendsTableViewController.m; sourceTree = "<group>"; };
		524347101D3BAAC800C89579 /* SiSFriend.h */ = {isa = PBXFileReference; fileEncoding = 4; lastKnownFileType = sourcecode.c.h; path = SiSFriend.h; sourceTree = "<group>"; };
		524347111D3BAAC800C89579 /* SiSFriend.m */ = {isa = PBXFileReference; fileEncoding = 4; lastKnownFileType = sourcecode.c.objc; path = SiSFriend.m; sourceTree = "<group>"; };
		524347131D3BAADA00C89579 /* SiSServerObject.h */ = {isa = PBXFileReference; fileEncoding = 4; lastKnownFileType = sourcecode.c.h; path = SiSServerObject.h; sourceTree = "<group>"; };
		524347141D3BAADA00C89579 /* SiSServerObject.m */ = {isa = PBXFileReference; fileEncoding = 4; lastKnownFileType = sourcecode.c.objc; path = SiSServerObject.m; sourceTree = "<group>"; };
		524347161D3BBE3D00C89579 /* SiSLoginViewController.h */ = {isa = PBXFileReference; fileEncoding = 4; lastKnownFileType = sourcecode.c.h; path = SiSLoginViewController.h; sourceTree = "<group>"; };
		524347171D3BBE3D00C89579 /* SiSLoginViewController.m */ = {isa = PBXFileReference; fileEncoding = 4; lastKnownFileType = sourcecode.c.objc; path = SiSLoginViewController.m; sourceTree = "<group>"; };
		524347191D3BBE4800C89579 /* SiSAccessToken.h */ = {isa = PBXFileReference; fileEncoding = 4; lastKnownFileType = sourcecode.c.h; path = SiSAccessToken.h; sourceTree = "<group>"; };
		5243471A1D3BBE4800C89579 /* SiSAccessToken.m */ = {isa = PBXFileReference; fileEncoding = 4; lastKnownFileType = sourcecode.c.objc; path = SiSAccessToken.m; sourceTree = "<group>"; };
		5243471C1D3BBE9500C89579 /* SiSGroupWallViewController.h */ = {isa = PBXFileReference; fileEncoding = 4; lastKnownFileType = sourcecode.c.h; path = SiSGroupWallViewController.h; sourceTree = "<group>"; };
		5243471D1D3BBE9500C89579 /* SiSGroupWallViewController.m */ = {isa = PBXFileReference; fileEncoding = 4; lastKnownFileType = sourcecode.c.objc; path = SiSGroupWallViewController.m; sourceTree = "<group>"; };
		5243471F1D3BBEA000C89579 /* SiSPost.h */ = {isa = PBXFileReference; fileEncoding = 4; lastKnownFileType = sourcecode.c.h; path = SiSPost.h; sourceTree = "<group>"; };
		524347201D3BBEA000C89579 /* SiSPost.m */ = {isa = PBXFileReference; fileEncoding = 4; lastKnownFileType = sourcecode.c.objc; path = SiSPost.m; sourceTree = "<group>"; };
		524347231D3BBEC600C89579 /* SiSPostCell.h */ = {isa = PBXFileReference; fileEncoding = 4; lastKnownFileType = sourcecode.c.h; path = SiSPostCell.h; sourceTree = "<group>"; };
		524347241D3BBEC600C89579 /* SiSPostCell.m */ = {isa = PBXFileReference; fileEncoding = 4; lastKnownFileType = sourcecode.c.objc; path = SiSPostCell.m; sourceTree = "<group>"; };
		893F4B8238216C2874FADF65 /* libPods-47_Client_Server_APIs_OAuth_DZ.a */ = {isa = PBXFileReference; explicitFileType = archive.ar; includeInIndex = 0; path = "libPods-47_Client_Server_APIs_OAuth_DZ.a"; sourceTree = BUILT_PRODUCTS_DIR; };
		A9D27C43CEAEB4BF5C4E01CF /* Pods-47_Client_Server_APIs_OAuth_DZ.debug.xcconfig */ = {isa = PBXFileReference; includeInIndex = 1; lastKnownFileType = text.xcconfig; name = "Pods-47_Client_Server_APIs_OAuth_DZ.debug.xcconfig"; path = "Pods/Target Support Files/Pods-47_Client_Server_APIs_OAuth_DZ/Pods-47_Client_Server_APIs_OAuth_DZ.debug.xcconfig"; sourceTree = "<group>"; };
/* End PBXFileReference section */

/* Begin PBXFrameworksBuildPhase section */
		524346D11D3B98BA00C89579 /* Frameworks */ = {
			isa = PBXFrameworksBuildPhase;
			buildActionMask = 2147483647;
			files = (
				245D335B4F1BC013C30DD782 /* libPods-47_Client_Server_APIs_OAuth_DZ.a in Frameworks */,
			);
			runOnlyForDeploymentPostprocessing = 0;
		};
		524346EA1D3B98BA00C89579 /* Frameworks */ = {
			isa = PBXFrameworksBuildPhase;
			buildActionMask = 2147483647;
			files = (
			);
			runOnlyForDeploymentPostprocessing = 0;
		};
		524346F51D3B98BA00C89579 /* Frameworks */ = {
			isa = PBXFrameworksBuildPhase;
			buildActionMask = 2147483647;
			files = (
			);
			runOnlyForDeploymentPostprocessing = 0;
		};
/* End PBXFrameworksBuildPhase section */

/* Begin PBXGroup section */
		1D628A0EBC8354DD2540A1F8 /* Pods */ = {
			isa = PBXGroup;
			children = (
				A9D27C43CEAEB4BF5C4E01CF /* Pods-47_Client_Server_APIs_OAuth_DZ.debug.xcconfig */,
				0180D53477B146476C369469 /* Pods-47_Client_Server_APIs_OAuth_DZ.release.xcconfig */,
			);
			name = Pods;
			sourceTree = "<group>";
		};
		334A70B5AD6C6009919B1175 /* Frameworks */ = {
			isa = PBXGroup;
			children = (
				893F4B8238216C2874FADF65 /* libPods-47_Client_Server_APIs_OAuth_DZ.a */,
			);
			name = Frameworks;
			sourceTree = "<group>";
		};
		524346CB1D3B98BA00C89579 = {
			isa = PBXGroup;
			children = (
				524346D61D3B98BA00C89579 /* 47_Client_Server_APIs_OAuth_DZ */,
				524346F01D3B98BA00C89579 /* 47_Client_Server_APIs_OAuth_DZTests */,
				524346FB1D3B98BA00C89579 /* 47_Client_Server_APIs_OAuth_DZUITests */,
				524346D51D3B98BA00C89579 /* Products */,
				1D628A0EBC8354DD2540A1F8 /* Pods */,
				334A70B5AD6C6009919B1175 /* Frameworks */,
			);
			sourceTree = "<group>";
		};
		524346D51D3B98BA00C89579 /* Products */ = {
			isa = PBXGroup;
			children = (
				524346D41D3B98BA00C89579 /* 47_Client_Server_APIs_OAuth_DZ.app */,
				524346ED1D3B98BA00C89579 /* 47_Client_Server_APIs_OAuth_DZTests.xctest */,
				524346F81D3B98BA00C89579 /* 47_Client_Server_APIs_OAuth_DZUITests.xctest */,
			);
			name = Products;
			sourceTree = "<group>";
		};
		524346D61D3B98BA00C89579 /* 47_Client_Server_APIs_OAuth_DZ */ = {
			isa = PBXGroup;
			children = (
				524346DA1D3B98BA00C89579 /* AppDelegate.h */,
				524346DB1D3B98BA00C89579 /* AppDelegate.m */,
				524346DD1D3B98BA00C89579 /* ViewController.h */,
				524346DE1D3B98BA00C89579 /* ViewController.m */,
				524347231D3BBEC600C89579 /* SiSPostCell.h */,
				524347241D3BBEC600C89579 /* SiSPostCell.m */,
				524347221D3BBEA700C89579 /* Model */,
				5243470D1D3BAAB500C89579 /* SiSFriendsTableViewController.h */,
				5243470E1D3BAAB500C89579 /* SiSFriendsTableViewController.m */,
				5243471C1D3BBE9500C89579 /* SiSGroupWallViewController.h */,
				5243471D1D3BBE9500C89579 /* SiSGroupWallViewController.m */,
				5243470A1D3BAA9100C89579 /* SiSServerManager.h */,
				5243470B1D3BAA9100C89579 /* SiSServerManager.m */,
				524347161D3BBE3D00C89579 /* SiSLoginViewController.h */,
				524347171D3BBE3D00C89579 /* SiSLoginViewController.m */,
				524347191D3BBE4800C89579 /* SiSAccessToken.h */,
				5243471A1D3BBE4800C89579 /* SiSAccessToken.m */,
				524346E01D3B98BA00C89579 /* Main.storyboard */,
				524346E31D3B98BA00C89579 /* Assets.xcassets */,
				524346E51D3B98BA00C89579 /* LaunchScreen.storyboard */,
				524346E81D3B98BA00C89579 /* Info.plist */,
				524346D71D3B98BA00C89579 /* Supporting Files */,
			);
			path = 47_Client_Server_APIs_OAuth_DZ;
			sourceTree = "<group>";
		};
		524346D71D3B98BA00C89579 /* Supporting Files */ = {
			isa = PBXGroup;
			children = (
				524346D81D3B98BA00C89579 /* main.m */,
			);
			name = "Supporting Files";
			sourceTree = "<group>";
		};
		524346F01D3B98BA00C89579 /* 47_Client_Server_APIs_OAuth_DZTests */ = {
			isa = PBXGroup;
			children = (
				524346F11D3B98BA00C89579 /* _7_Client_Server_APIs_OAuth_DZTests.m */,
				524346F31D3B98BA00C89579 /* Info.plist */,
			);
			path = 47_Client_Server_APIs_OAuth_DZTests;
			sourceTree = "<group>";
		};
		524346FB1D3B98BA00C89579 /* 47_Client_Server_APIs_OAuth_DZUITests */ = {
			isa = PBXGroup;
			children = (
				524346FC1D3B98BA00C89579 /* _7_Client_Server_APIs_OAuth_DZUITests.m */,
				524346FE1D3B98BA00C89579 /* Info.plist */,
			);
			path = 47_Client_Server_APIs_OAuth_DZUITests;
			sourceTree = "<group>";
		};
		524347221D3BBEA700C89579 /* Model */ = {
			isa = PBXGroup;
			children = (
				524347131D3BAADA00C89579 /* SiSServerObject.h */,
				524347141D3BAADA00C89579 /* SiSServerObject.m */,
				524347101D3BAAC800C89579 /* SiSFriend.h */,
				524347111D3BAAC800C89579 /* SiSFriend.m */,
				5243471F1D3BBEA000C89579 /* SiSPost.h */,
				524347201D3BBEA000C89579 /* SiSPost.m */,
			);
			name = Model;
			sourceTree = "<group>";
		};
/* End PBXGroup section */

/* Begin PBXNativeTarget section */
		524346D31D3B98BA00C89579 /* 47_Client_Server_APIs_OAuth_DZ */ = {
			isa = PBXNativeTarget;
			buildConfigurationList = 524347011D3B98BA00C89579 /* Build configuration list for PBXNativeTarget "47_Client_Server_APIs_OAuth_DZ" */;
			buildPhases = (
				5A640C1199604F5B7D432AAF /* [CP] Check Pods Manifest.lock */,
				524346D01D3B98BA00C89579 /* Sources */,
				524346D11D3B98BA00C89579 /* Frameworks */,
				524346D21D3B98BA00C89579 /* Resources */,
				B724AD8162DC6679527D28FE /* [CP] Embed Pods Frameworks */,
				0BC27370B60F3DAE5DB7A0BC /* [CP] Copy Pods Resources */,
			);
			buildRules = (
			);
			dependencies = (
			);
			name = 47_Client_Server_APIs_OAuth_DZ;
			productName = 47_Client_Server_APIs_OAuth_DZ;
			productReference = 524346D41D3B98BA00C89579 /* 47_Client_Server_APIs_OAuth_DZ.app */;
			productType = "com.apple.product-type.application";
		};
		524346EC1D3B98BA00C89579 /* 47_Client_Server_APIs_OAuth_DZTests */ = {
			isa = PBXNativeTarget;
			buildConfigurationList = 524347041D3B98BA00C89579 /* Build configuration list for PBXNativeTarget "47_Client_Server_APIs_OAuth_DZTests" */;
			buildPhases = (
				524346E91D3B98BA00C89579 /* Sources */,
				524346EA1D3B98BA00C89579 /* Frameworks */,
				524346EB1D3B98BA00C89579 /* Resources */,
			);
			buildRules = (
			);
			dependencies = (
				524346EF1D3B98BA00C89579 /* PBXTargetDependency */,
			);
			name = 47_Client_Server_APIs_OAuth_DZTests;
			productName = 47_Client_Server_APIs_OAuth_DZTests;
			productReference = 524346ED1D3B98BA00C89579 /* 47_Client_Server_APIs_OAuth_DZTests.xctest */;
			productType = "com.apple.product-type.bundle.unit-test";
		};
		524346F71D3B98BA00C89579 /* 47_Client_Server_APIs_OAuth_DZUITests */ = {
			isa = PBXNativeTarget;
			buildConfigurationList = 524347071D3B98BA00C89579 /* Build configuration list for PBXNativeTarget "47_Client_Server_APIs_OAuth_DZUITests" */;
			buildPhases = (
				524346F41D3B98BA00C89579 /* Sources */,
				524346F51D3B98BA00C89579 /* Frameworks */,
				524346F61D3B98BA00C89579 /* Resources */,
			);
			buildRules = (
			);
			dependencies = (
				524346FA1D3B98BA00C89579 /* PBXTargetDependency */,
			);
			name = 47_Client_Server_APIs_OAuth_DZUITests;
			productName = 47_Client_Server_APIs_OAuth_DZUITests;
			productReference = 524346F81D3B98BA00C89579 /* 47_Client_Server_APIs_OAuth_DZUITests.xctest */;
			productType = "com.apple.product-type.bundle.ui-testing";
		};
/* End PBXNativeTarget section */

/* Begin PBXProject section */
		524346CC1D3B98BA00C89579 /* Project object */ = {
			isa = PBXProject;
			attributes = {
				CLASSPREFIX = SiS;
				LastUpgradeCheck = 0730;
				ORGANIZATIONNAME = "Stanly Shiyanovskiy";
				TargetAttributes = {
					524346D31D3B98BA00C89579 = {
						CreatedOnToolsVersion = 7.3.1;
					};
					524346EC1D3B98BA00C89579 = {
						CreatedOnToolsVersion = 7.3.1;
						TestTargetID = 524346D31D3B98BA00C89579;
					};
					524346F71D3B98BA00C89579 = {
						CreatedOnToolsVersion = 7.3.1;
						TestTargetID = 524346D31D3B98BA00C89579;
					};
				};
			};
			buildConfigurationList = 524346CF1D3B98BA00C89579 /* Build configuration list for PBXProject "47_Client_Server_APIs_OAuth_DZ" */;
			compatibilityVersion = "Xcode 3.2";
			developmentRegion = English;
			hasScannedForEncodings = 0;
			knownRegions = (
				en,
				Base,
			);
			mainGroup = 524346CB1D3B98BA00C89579;
			productRefGroup = 524346D51D3B98BA00C89579 /* Products */;
			projectDirPath = "";
			projectRoot = "";
			targets = (
				524346D31D3B98BA00C89579 /* 47_Client_Server_APIs_OAuth_DZ */,
				524346EC1D3B98BA00C89579 /* 47_Client_Server_APIs_OAuth_DZTests */,
				524346F71D3B98BA00C89579 /* 47_Client_Server_APIs_OAuth_DZUITests */,
			);
		};
/* End PBXProject section */

/* Begin PBXResourcesBuildPhase section */
		524346D21D3B98BA00C89579 /* Resources */ = {
			isa = PBXResourcesBuildPhase;
			buildActionMask = 2147483647;
			files = (
				524346E71D3B98BA00C89579 /* LaunchScreen.storyboard in Resources */,
				524346E41D3B98BA00C89579 /* Assets.xcassets in Resources */,
				524346E21D3B98BA00C89579 /* Main.storyboard in Resources */,
			);
			runOnlyForDeploymentPostprocessing = 0;
		};
		524346EB1D3B98BA00C89579 /* Resources */ = {
			isa = PBXResourcesBuildPhase;
			buildActionMask = 2147483647;
			files = (
			);
			runOnlyForDeploymentPostprocessing = 0;
		};
		524346F61D3B98BA00C89579 /* Resources */ = {
			isa = PBXResourcesBuildPhase;
			buildActionMask = 2147483647;
			files = (
			);
			runOnlyForDeploymentPostprocessing = 0;
		};
/* End PBXResourcesBuildPhase section */

/* Begin PBXShellScriptBuildPhase section */
		0BC27370B60F3DAE5DB7A0BC /* [CP] Copy Pods Resources */ = {
			isa = PBXShellScriptBuildPhase;
			buildActionMask = 2147483647;
			files = (
			);
			inputPaths = (
			);
			name = "[CP] Copy Pods Resources";
			outputPaths = (
			);
			runOnlyForDeploymentPostprocessing = 0;
			shellPath = /bin/sh;
			shellScript = "\"${SRCROOT}/Pods/Target Support Files/Pods-47_Client_Server_APIs_OAuth_DZ/Pods-47_Client_Server_APIs_OAuth_DZ-resources.sh\"\n";
			showEnvVarsInLog = 0;
		};
		5A640C1199604F5B7D432AAF /* [CP] Check Pods Manifest.lock */ = {
			isa = PBXShellScriptBuildPhase;
			buildActionMask = 2147483647;
			files = (
			);
			inputPaths = (
			);
			name = "[CP] Check Pods Manifest.lock";
			outputPaths = (
			);
			runOnlyForDeploymentPostprocessing = 0;
			shellPath = /bin/sh;
			shellScript = "diff \"${PODS_ROOT}/../Podfile.lock\" \"${PODS_ROOT}/Manifest.lock\" > /dev/null\nif [[ $? != 0 ]] ; then\n    cat << EOM\nerror: The sandbox is not in sync with the Podfile.lock. Run 'pod install' or update your CocoaPods installation.\nEOM\n    exit 1\nfi\n";
			showEnvVarsInLog = 0;
		};
		B724AD8162DC6679527D28FE /* [CP] Embed Pods Frameworks */ = {
			isa = PBXShellScriptBuildPhase;
			buildActionMask = 2147483647;
			files = (
			);
			inputPaths = (
			);
			name = "[CP] Embed Pods Frameworks";
			outputPaths = (
			);
			runOnlyForDeploymentPostprocessing = 0;
			shellPath = /bin/sh;
			shellScript = "\"${SRCROOT}/Pods/Target Support Files/Pods-47_Client_Server_APIs_OAuth_DZ/Pods-47_Client_Server_APIs_OAuth_DZ-frameworks.sh\"\n";
			showEnvVarsInLog = 0;
		};
/* End PBXShellScriptBuildPhase section */

/* Begin PBXSourcesBuildPhase section */
		524346D01D3B98BA00C89579 /* Sources */ = {
			isa = PBXSourcesBuildPhase;
			buildActionMask = 2147483647;
			files = (
				524346DF1D3B98BA00C89579 /* ViewController.m in Sources */,
				524346DC1D3B98BA00C89579 /* AppDelegate.m in Sources */,
				524347181D3BBE3D00C89579 /* SiSLoginViewController.m in Sources */,
				5243470F1D3BAAB500C89579 /* SiSFriendsTableViewController.m in Sources */,
				5243470C1D3BAA9100C89579 /* SiSServerManager.m in Sources */,
				524347151D3BAADA00C89579 /* SiSServerObject.m in Sources */,
				5243471B1D3BBE4800C89579 /* SiSAccessToken.m in Sources */,
				524346D91D3B98BA00C89579 /* main.m in Sources */,
				5243471E1D3BBE9500C89579 /* SiSGroupWallViewController.m in Sources */,
				524347251D3BBEC600C89579 /* SiSPostCell.m in Sources */,
				524347211D3BBEA000C89579 /* SiSPost.m in Sources */,
				524347121D3BAAC800C89579 /* SiSFriend.m in Sources */,
			);
			runOnlyForDeploymentPostprocessing = 0;
		};
		524346E91D3B98BA00C89579 /* Sources */ = {
			isa = PBXSourcesBuildPhase;
			buildActionMask = 2147483647;
			files = (
				524346F21D3B98BA00C89579 /* _7_Client_Server_APIs_OAuth_DZTests.m in Sources */,
			);
			runOnlyForDeploymentPostprocessing = 0;
		};
		524346F41D3B98BA00C89579 /* Sources */ = {
			isa = PBXSourcesBuildPhase;
			buildActionMask = 2147483647;
			files = (
				524346FD1D3B98BA00C89579 /* _7_Client_Server_APIs_OAuth_DZUITests.m in Sources */,
			);
			runOnlyForDeploymentPostprocessing = 0;
		};
/* End PBXSourcesBuildPhase section */

/* Begin PBXTargetDependency section */
		524346EF1D3B98BA00C89579 /* PBXTargetDependency */ = {
			isa = PBXTargetDependency;
			target = 524346D31D3B98BA00C89579 /* 47_Client_Server_APIs_OAuth_DZ */;
			targetProxy = 524346EE1D3B98BA00C89579 /* PBXContainerItemProxy */;
		};
		524346FA1D3B98BA00C89579 /* PBXTargetDependency */ = {
			isa = PBXTargetDependency;
			target = 524346D31D3B98BA00C89579 /* 47_Client_Server_APIs_OAuth_DZ */;
			targetProxy = 524346F91D3B98BA00C89579 /* PBXContainerItemProxy */;
		};
/* End PBXTargetDependency section */

/* Begin PBXVariantGroup section */
		524346E01D3B98BA00C89579 /* Main.storyboard */ = {
			isa = PBXVariantGroup;
			children = (
				524346E11D3B98BA00C89579 /* Base */,
			);
			name = Main.storyboard;
			sourceTree = "<group>";
		};
		524346E51D3B98BA00C89579 /* LaunchScreen.storyboard */ = {
			isa = PBXVariantGroup;
			children = (
				524346E61D3B98BA00C89579 /* Base */,
			);
			name = LaunchScreen.storyboard;
			sourceTree = "<group>";
		};
/* End PBXVariantGroup section */

/* Begin XCBuildConfiguration section */
		524346FF1D3B98BA00C89579 /* Debug */ = {
			isa = XCBuildConfiguration;
			buildSettings = {
				ALWAYS_SEARCH_USER_PATHS = NO;
				CLANG_ANALYZER_NONNULL = YES;
				CLANG_CXX_LANGUAGE_STANDARD = "gnu++0x";
				CLANG_CXX_LIBRARY = "libc++";
				CLANG_ENABLE_MODULES = YES;
				CLANG_ENABLE_OBJC_ARC = YES;
				CLANG_WARN_BOOL_CONVERSION = YES;
				CLANG_WARN_CONSTANT_CONVERSION = YES;
				CLANG_WARN_DIRECT_OBJC_ISA_USAGE = YES_ERROR;
				CLANG_WARN_EMPTY_BODY = YES;
				CLANG_WARN_ENUM_CONVERSION = YES;
				CLANG_WARN_INT_CONVERSION = YES;
				CLANG_WARN_OBJC_ROOT_CLASS = YES_ERROR;
				CLANG_WARN_UNREACHABLE_CODE = YES;
				CLANG_WARN__DUPLICATE_METHOD_MATCH = YES;
				"CODE_SIGN_IDENTITY[sdk=iphoneos*]" = "iPhone Developer";
				COPY_PHASE_STRIP = NO;
				DEBUG_INFORMATION_FORMAT = dwarf;
				ENABLE_STRICT_OBJC_MSGSEND = YES;
				ENABLE_TESTABILITY = YES;
				GCC_C_LANGUAGE_STANDARD = gnu99;
				GCC_DYNAMIC_NO_PIC = NO;
				GCC_NO_COMMON_BLOCKS = YES;
				GCC_OPTIMIZATION_LEVEL = 0;
				GCC_PREPROCESSOR_DEFINITIONS = (
					"DEBUG=1",
					"$(inherited)",
				);
				GCC_WARN_64_TO_32_BIT_CONVERSION = YES;
				GCC_WARN_ABOUT_RETURN_TYPE = YES_ERROR;
				GCC_WARN_UNDECLARED_SELECTOR = YES;
				GCC_WARN_UNINITIALIZED_AUTOS = YES_AGGRESSIVE;
				GCC_WARN_UNUSED_FUNCTION = YES;
				GCC_WARN_UNUSED_VARIABLE = YES;
				IPHONEOS_DEPLOYMENT_TARGET = 9.3;
				MTL_ENABLE_DEBUG_INFO = YES;
				ONLY_ACTIVE_ARCH = YES;
				SDKROOT = iphoneos;
				TARGETED_DEVICE_FAMILY = "1,2";
			};
			name = Debug;
		};
		524347001D3B98BA00C89579 /* Release */ = {
			isa = XCBuildConfiguration;
			buildSettings = {
				ALWAYS_SEARCH_USER_PATHS = NO;
				CLANG_ANALYZER_NONNULL = YES;
				CLANG_CXX_LANGUAGE_STANDARD = "gnu++0x";
				CLANG_CXX_LIBRARY = "libc++";
				CLANG_ENABLE_MODULES = YES;
				CLANG_ENABLE_OBJC_ARC = YES;
				CLANG_WARN_BOOL_CONVERSION = YES;
				CLANG_WARN_CONSTANT_CONVERSION = YES;
				CLANG_WARN_DIRECT_OBJC_ISA_USAGE = YES_ERROR;
				CLANG_WARN_EMPTY_BODY = YES;
				CLANG_WARN_ENUM_CONVERSION = YES;
				CLANG_WARN_INT_CONVERSION = YES;
				CLANG_WARN_OBJC_ROOT_CLASS = YES_ERROR;
				CLANG_WARN_UNREACHABLE_CODE = YES;
				CLANG_WARN__DUPLICATE_METHOD_MATCH = YES;
				"CODE_SIGN_IDENTITY[sdk=iphoneos*]" = "iPhone Developer";
				COPY_PHASE_STRIP = NO;
				DEBUG_INFORMATION_FORMAT = "dwarf-with-dsym";
				ENABLE_NS_ASSERTIONS = NO;
				ENABLE_STRICT_OBJC_MSGSEND = YES;
				GCC_C_LANGUAGE_STANDARD = gnu99;
				GCC_NO_COMMON_BLOCKS = YES;
				GCC_WARN_64_TO_32_BIT_CONVERSION = YES;
				GCC_WARN_ABOUT_RETURN_TYPE = YES_ERROR;
				GCC_WARN_UNDECLARED_SELECTOR = YES;
				GCC_WARN_UNINITIALIZED_AUTOS = YES_AGGRESSIVE;
				GCC_WARN_UNUSED_FUNCTION = YES;
				GCC_WARN_UNUSED_VARIABLE = YES;
				IPHONEOS_DEPLOYMENT_TARGET = 9.3;
				MTL_ENABLE_DEBUG_INFO = NO;
				SDKROOT = iphoneos;
				TARGETED_DEVICE_FAMILY = "1,2";
				VALIDATE_PRODUCT = YES;
			};
			name = Release;
		};
		524347021D3B98BA00C89579 /* Debug */ = {
			isa = XCBuildConfiguration;
			baseConfigurationReference = A9D27C43CEAEB4BF5C4E01CF /* Pods-47_Client_Server_APIs_OAuth_DZ.debug.xcconfig */;
			buildSettings = {
				ASSETCATALOG_COMPILER_APPICON_NAME = AppIcon;
				INFOPLIST_FILE = 47_Client_Server_APIs_OAuth_DZ/Info.plist;
				LD_RUNPATH_SEARCH_PATHS = "$(inherited) @executable_path/Frameworks";
				PRODUCT_BUNDLE_IDENTIFIER = "SiS.-7-Client-Server-APIs-OAuth-DZ";
				PRODUCT_NAME = "$(TARGET_NAME)";
			};
			name = Debug;
		};
		524347031D3B98BA00C89579 /* Release */ = {
			isa = XCBuildConfiguration;
			baseConfigurationReference = 0180D53477B146476C369469 /* Pods-47_Client_Server_APIs_OAuth_DZ.release.xcconfig */;
			buildSettings = {
				ASSETCATALOG_COMPILER_APPICON_NAME = AppIcon;
				INFOPLIST_FILE = 47_Client_Server_APIs_OAuth_DZ/Info.plist;
				LD_RUNPATH_SEARCH_PATHS = "$(inherited) @executable_path/Frameworks";
				PRODUCT_BUNDLE_IDENTIFIER = "SiS.-7-Client-Server-APIs-OAuth-DZ";
				PRODUCT_NAME = "$(TARGET_NAME)";
			};
			name = Release;
		};
		524347051D3B98BA00C89579 /* Debug */ = {
			isa = XCBuildConfiguration;
			buildSettings = {
				BUNDLE_LOADER = "$(TEST_HOST)";
				INFOPLIST_FILE = 47_Client_Server_APIs_OAuth_DZTests/Info.plist;
				LD_RUNPATH_SEARCH_PATHS = "$(inherited) @executable_path/Frameworks @loader_path/Frameworks";
				PRODUCT_BUNDLE_IDENTIFIER = "SiS.-7-Client-Server-APIs-OAuth-DZTests";
				PRODUCT_NAME = "$(TARGET_NAME)";
				TEST_HOST = "$(BUILT_PRODUCTS_DIR)/47_Client_Server_APIs_OAuth_DZ.app/47_Client_Server_APIs_OAuth_DZ";
			};
			name = Debug;
		};
		524347061D3B98BA00C89579 /* Release */ = {
			isa = XCBuildConfiguration;
			buildSettings = {
				BUNDLE_LOADER = "$(TEST_HOST)";
				INFOPLIST_FILE = 47_Client_Server_APIs_OAuth_DZTests/Info.plist;
				LD_RUNPATH_SEARCH_PATHS = "$(inherited) @executable_path/Frameworks @loader_path/Frameworks";
				PRODUCT_BUNDLE_IDENTIFIER = "SiS.-7-Client-Server-APIs-OAuth-DZTests";
				PRODUCT_NAME = "$(TARGET_NAME)";
				TEST_HOST = "$(BUILT_PRODUCTS_DIR)/47_Client_Server_APIs_OAuth_DZ.app/47_Client_Server_APIs_OAuth_DZ";
			};
			name = Release;
		};
		524347081D3B98BA00C89579 /* Debug */ = {
			isa = XCBuildConfiguration;
			buildSettings = {
				INFOPLIST_FILE = 47_Client_Server_APIs_OAuth_DZUITests/Info.plist;
				LD_RUNPATH_SEARCH_PATHS = "$(inherited) @executable_path/Frameworks @loader_path/Frameworks";
				PRODUCT_BUNDLE_IDENTIFIER = "SiS.-7-Client-Server-APIs-OAuth-DZUITests";
				PRODUCT_NAME = "$(TARGET_NAME)";
				TEST_TARGET_NAME = 47_Client_Server_APIs_OAuth_DZ;
			};
			name = Debug;
		};
		524347091D3B98BA00C89579 /* Release */ = {
			isa = XCBuildConfiguration;
			buildSettings = {
				INFOPLIST_FILE = 47_Client_Server_APIs_OAuth_DZUITests/Info.plist;
				LD_RUNPATH_SEARCH_PATHS = "$(inherited) @executable_path/Frameworks @loader_path/Frameworks";
				PRODUCT_BUNDLE_IDENTIFIER = "SiS.-7-Client-Server-APIs-OAuth-DZUITests";
				PRODUCT_NAME = "$(TARGET_NAME)";
				TEST_TARGET_NAME = 47_Client_Server_APIs_OAuth_DZ;
			};
			name = Release;
		};
/* End XCBuildConfiguration section */

/* Begin XCConfigurationList section */
		524346CF1D3B98BA00C89579 /* Build configuration list for PBXProject "47_Client_Server_APIs_OAuth_DZ" */ = {
			isa = XCConfigurationList;
			buildConfigurations = (
				524346FF1D3B98BA00C89579 /* Debug */,
				524347001D3B98BA00C89579 /* Release */,
			);
			defaultConfigurationIsVisible = 0;
			defaultConfigurationName = Release;
		};
		524347011D3B98BA00C89579 /* Build configuration list for PBXNativeTarget "47_Client_Server_APIs_OAuth_DZ" */ = {
			isa = XCConfigurationList;
			buildConfigurations = (
				524347021D3B98BA00C89579 /* Debug */,
				524347031D3B98BA00C89579 /* Release */,
			);
			defaultConfigurationIsVisible = 0;
			defaultConfigurationName = Release;
		};
		524347041D3B98BA00C89579 /* Build configuration list for PBXNativeTarget "47_Client_Server_APIs_OAuth_DZTests" */ = {
			isa = XCConfigurationList;
			buildConfigurations = (
				524347051D3B98BA00C89579 /* Debug */,
				524347061D3B98BA00C89579 /* Release */,
			);
			defaultConfigurationIsVisible = 0;
			defaultConfigurationName = Release;
		};
		524347071D3B98BA00C89579 /* Build configuration list for PBXNativeTarget "47_Client_Server_APIs_OAuth_DZUITests" */ = {
			isa = XCConfigurationList;
			buildConfigurations = (
				524347081D3B98BA00C89579 /* Debug */,
				524347091D3B98BA00C89579 /* Release */,
			);
			defaultConfigurationIsVisible = 0;
			defaultConfigurationName = Release;
		};
/* End XCConfigurationList section */
	};
	rootObject = 524346CC1D3B98BA00C89579 /* Project object */;
}
